
Microsoft Visual Studio Solution File, Format Version 12.00
# Visual Studio Version 16
VisualStudioVersion = 16.0.31613.86
MinimumVisualStudioVersion = 10.0.40219.1
Project("{9A19103F-16F7-4668-BE54-9A1E7A4F7556}") = "MVP", "MVP\MVP.csproj", "{BF4AC34E-D7F5-4A9D-91AC-2474FEE6E1A7}"
EndProject
Project("{9A19103F-16F7-4668-BE54-9A1E7A4F7556}") = "MVP.Cli", "MVP.Cli\MVP.Cli.csproj", "{B48C06F7-0841-4180-86E5-359C81377598}"
EndProject
Project("{2150E333-8FDC-42A3-9474-1A3956D46DE8}") = "Solution Items", "Solution Items", "{4EA6974D-4B3B-4A93-B031-808001973D4A}"
	ProjectSection(SolutionItems) = preProject
		.editorconfig = .editorconfig
	EndProjectSection
EndProject
Project("{FAE04EC0-301F-11D3-BF4B-00C04F79EFBC}") = "MVP.Cli.Tests", "MVP.Cli.Tests\MVP.Cli.Tests.csproj", "{67129D8F-5441-45CC-85B8-56B9933D44C9}"
EndProject
Global
	GlobalSection(SolutionConfigurationPlatforms) = preSolution
		Debug|Any CPU = Debug|Any CPU
		Release|Any CPU = Release|Any CPU
	EndGlobalSection
	GlobalSection(ProjectConfigurationPlatforms) = postSolution
		{BF4AC34E-D7F5-4A9D-91AC-2474FEE6E1A7}.Debug|Any CPU.ActiveCfg = Debug|Any CPU
		{BF4AC34E-D7F5-4A9D-91AC-2474FEE6E1A7}.Debug|Any CPU.Build.0 = Debug|Any CPU
		{BF4AC34E-D7F5-4A9D-91AC-2474FEE6E1A7}.Release|Any CPU.ActiveCfg = Release|Any CPU
		{BF4AC34E-D7F5-4A9D-91AC-2474FEE6E1A7}.Release|Any CPU.Build.0 = Release|Any CPU
		{B48C06F7-0841-4180-86E5-359C81377598}.Debug|Any CPU.ActiveCfg = Debug|Any CPU
		{B48C06F7-0841-4180-86E5-359C81377598}.Debug|Any CPU.Build.0 = Debug|Any CPU
		{B48C06F7-0841-4180-86E5-359C81377598}.Release|Any CPU.ActiveCfg = Release|Any CPU
		{B48C06F7-0841-4180-86E5-359C81377598}.Release|Any CPU.Build.0 = Release|Any CPU
		{67129D8F-5441-45CC-85B8-56B9933D44C9}.Debug|Any CPU.ActiveCfg = Debug|Any CPU
		{67129D8F-5441-45CC-85B8-56B9933D44C9}.Debug|Any CPU.Build.0 = Debug|Any CPU
		{67129D8F-5441-45CC-85B8-56B9933D44C9}.Release|Any CPU.ActiveCfg = Release|Any CPU
		{67129D8F-5441-45CC-85B8-56B9933D44C9}.Release|Any CPU.Build.0 = Release|Any CPU
	EndGlobalSection
	GlobalSection(SolutionProperties) = preSolution
		HideSolutionNode = FALSE
	EndGlobalSection
	GlobalSection(ExtensibilityGlobals) = postSolution
		SolutionGuid = {0DAB8612-889D-4983-A624-DF2EEA0BE08D}
	EndGlobalSection
EndGlobal
